#MicroXplorer Configuration settings - do not modify
CAD.formats=
CAD.pinconfig=
CAD.provider=
File.Version=6
KeepUserPlacement=false
Mcu.CPN=STM32G070RBT6
Mcu.Family=STM32G0
Mcu.IP0=CRC
Mcu.IP1=NVIC
Mcu.IP2=RCC
Mcu.IP3=SYS
Mcu.IP4=USART3
Mcu.IPNb=5
Mcu.Name=STM32G070RBTx
Mcu.Package=LQFP64
Mcu.Pin0=PC11
Mcu.Pin1=PF0-OSC_IN (PF0)
Mcu.Pin2=PF1-OSC_OUT (PF1)
Mcu.Pin3=PA13
Mcu.Pin4=PA14-BOOT0
Mcu.Pin5=PC10
Mcu.Pin6=VP_CRC_VS_CRC
Mcu.Pin7=VP_STMicroelectronics.X-CUBE-AI_VS_ArtificialOoIntelligenceJjXAaCUBEAaAI_8.1.0
Mcu.PinsNb=8
Mcu.ThirdParty0=STMicroelectronics.X-CUBE-AI.8.1.0
Mcu.ThirdPartyNb=1
Mcu.UserConstants=
Mcu.UserName=STM32G070RBTx
MxCube.Version=6.7.0
MxDb.Version=DB.6.0.70
NVIC.ForceEnableDMAVector=true
NVIC.HardFault_IRQn=true\:0\:0\:false\:false\:true\:false\:false\:false
NVIC.NonMaskableInt_IRQn=true\:0\:0\:false\:false\:true\:false\:false\:false
NVIC.PendSV_IRQn=true\:0\:0\:false\:false\:true\:false\:false\:false
NVIC.SVC_IRQn=true\:0\:0\:false\:false\:true\:false\:false\:true
NVIC.SysTick_IRQn=true\:3\:0\:false\:false\:true\:false\:true\:false
NVIC.USART3_4_IRQn=true\:0\:0\:false\:false\:true\:true\:true\:true
PA13.Mode=Serial_Wire
PA13.Signal=SYS_SWDIO
PA14-BOOT0.Mode=Serial_Wire
PA14-BOOT0.Signal=SYS_SWCLK
PC10.Locked=true
PC10.Mode=Asynchronous
PC10.Signal=USART3_TX
PC11.Mode=Asynchronous
PC11.Signal=USART3_RX
PF0-OSC_IN\ (PF0).Mode=HSE-External-Oscillator
PF0-OSC_IN\ (PF0).Signal=RCC_OSC_IN
PF1-OSC_OUT\ (PF1).Mode=HSE-External-Oscillator
PF1-OSC_OUT\ (PF1).Signal=RCC_OSC_OUT
PinOutPanel.RotationAngle=0
ProjectManager.AskForMigrate=true
ProjectManager.BackupPrevious=false
ProjectManager.CompilerOptimize=6
ProjectManager.ComputerToolchain=false
ProjectManager.CoupleFile=false
ProjectManager.CustomerFirmwarePackage=
ProjectManager.DefaultFWLocation=true
ProjectManager.DeletePrevious=true
ProjectManager.DeviceId=STM32G070RBTx
ProjectManager.FirmwarePackage=STM32Cube FW_G0 V1.6.2
ProjectManager.FreePins=false
ProjectManager.HalAssertFull=false
ProjectManager.HeapSize=0x800
ProjectManager.KeepUserCode=true
ProjectManager.LastFirmware=true
ProjectManager.LibraryCopy=2
ProjectManager.MainLocation=Core/Src
ProjectManager.NoMain=false
ProjectManager.PreviousToolchain=
ProjectManager.ProjectBuild=false
ProjectManager.ProjectFileName=STM32G070_AI_TEST.ioc
ProjectManager.ProjectName=STM32G070_AI_TEST
ProjectManager.RegisterCallBack=
ProjectManager.StackSize=0x800
ProjectManager.TargetToolchain=STM32CubeIDE
ProjectManager.ToolChainLocation=
ProjectManager.UnderRoot=true
ProjectManager.functionlistsort=1-SystemClock_Config-RCC-false-HAL-false
RCC.ADCFreq_Value=64000000
RCC.AHBFreq_Value=64000000
RCC.APBFreq_Value=64000000
RCC.APBTimFreq_Value=64000000
RCC.CortexFreq_Value=64000000
RCC.EXTERNAL_CLOCK_VALUE=48000
RCC.FCLKCortexFreq_Value=64000000
RCC.FamilyName=M
RCC.HCLKFreq_Value=64000000
RCC.HSE_VALUE=16000000
RCC.HSI_VALUE=16000000
RCC.I2C1Freq_Value=64000000
RCC.I2S1Freq_Value=64000000
RCC.IPParameters=ADCFreq_Value,AHBFreq_Value,APBFreq_Value,APBTimFreq_Value,CortexFreq_Value,EXTERNAL_CLOCK_VALUE,FCLKCortexFreq_Value,FamilyName,HCLKFreq_Value,HSE_VALUE,HSI_VALUE,I2C1Freq_Value,I2S1Freq_Value,LSCOPinFreq_Value,LSE_VALUE,LSI_VALUE,MCO1PinFreq_Value,PLLPoutputFreq_Value,PLLRCLKFreq_Value,PLLSourceVirtual,PWRFreq_Value,SYSCLKFreq_VALUE,SYSCLKSource,USART1Freq_Value,USART2Freq_Value,VCOInputFreq_Value,VCOOutputFreq_Value
RCC.LSCOPinFreq_Value=32000
RCC.LSE_VALUE=32768
RCC.LSI_VALUE=32000
RCC.MCO1PinFreq_Value=64000000
RCC.PLLPoutputFreq_Value=64000000
RCC.PLLRCLKFreq_Value=64000000
RCC.PLLSourceVirtual=RCC_PLLSOURCE_HSE
RCC.PWRFreq_Value=64000000
RCC.SYSCLKFreq_VALUE=64000000
RCC.SYSCLKSource=RCC_SYSCLKSOURCE_PLLCLK
RCC.USART1Freq_Value=64000000
RCC.USART2Freq_Value=64000000
RCC.VCOInputFreq_Value=16000000
RCC.VCOOutputFreq_Value=128000000
STMicroelectronics.X-CUBE-AI.8.1.0.ActivationBufferSizeList=7608
STMicroelectronics.X-CUBE-AI.8.1.0.ActivationBuffers=pool0
STMicroelectronics.X-CUBE-AI.8.1.0.ActivationNames=pool0
STMicroelectronics.X-CUBE-AI.8.1.0.ActivationSizes=AI_NETWORK_DATA_ACTIVATION_1_SIZE
STMicroelectronics.X-CUBE-AI.8.1.0.ArtificialOoIntelligenceJjXAaCUBEAaAI_Checked=true
STMicroelectronics.X-CUBE-AI.8.1.0.HeapSize=0x800
STMicroelectronics.X-CUBE-AI.8.1.0.IPParameters=XAaCUBEAaAICcArtificialOoIntelligenceJjCore,ModelType-8a10ab7ecfc73206aa63bb359f7e9551fc2d3dab2b6074822fc7075e0a561b39,ModelKind-8a10ab7ecfc73206aa63bb359f7e9551fc2d3dab2b6074822fc7075e0a561b39,ModelActualCompression-8a10ab7ecfc73206aa63bb359f7e9551fc2d3dab2b6074822fc7075e0a561b39,ModelCompression-8a10ab7ecfc73206aa63bb359f7e9551fc2d3dab2b6074822fc7075e0a561b39,ModelRamOccupation-8a10ab7ecfc73206aa63bb359f7e9551fc2d3dab2b6074822fc7075e0a561b39,ModelFlashOccupation-8a10ab7ecfc73206aa63bb359f7e9551fc2d3dab2b6074822fc7075e0a561b39,ModelMacc-8a10ab7ecfc73206aa63bb359f7e9551fc2d3dab2b6074822fc7075e0a561b39,ModelHashList,ModelNameList,WorkingBufferStartAddrList,HeapSize,StackSize,ModelName-8a10ab7ecfc73206aa63bb359f7e9551fc2d3dab2b6074822fc7075e0a561b39,LatestDirectoryUsed-8a10ab7ecfc73206aa63bb359f7e9551fc2d3dab2b6074822fc7075e0a561b39,ModelStructureFile-8a10ab7ecfc73206aa63bb359f7e9551fc2d3dab2b6074822fc7075e0a561b39,copyWeightToRam-8a10ab7ecfc73206aa63bb359f7e9551fc2d3dab2b6074822fc7075e0a561b39,useInputAllocation-8a10ab7ecfc73206aa63bb359f7e9551fc2d3dab2b6074822fc7075e0a561b39,useOutputAllocation-8a10ab7ecfc73206aa63bb359f7e9551fc2d3dab2b6074822fc7075e0a561b39,customLayerConfigEnabled-8a10ab7ecfc73206aa63bb359f7e9551fc2d3dab2b6074822fc7075e0a561b39,noOnnxIoTranspose-8a10ab7ecfc73206aa63bb359f7e9551fc2d3dab2b6074822fc7075e0a561b39,ActivationBuffers,ActivationSizes,ActivationNames,InternalRamActivationBufferMaxSize,ActivationBufferSizeList,MaximumNumberOfInputLayer,MaximumNumberOfOutputLayer,MaximumSizeOfInputLayer,MaximumSizeOfOutputLayer,ReadyForCodeGeneration
STMicroelectronics.X-CUBE-AI.8.1.0.InternalRamActivationBufferMaxSize=AI_NETWORK_DATA_ACTIVATIONS_SIZE
STMicroelectronics.X-CUBE-AI.8.1.0.LatestDirectoryUsed-8a10ab7ecfc73206aa63bb359f7e9551fc2d3dab2b6074822fc7075e0a561b39=C\:\\Users\\jj213\\Documents
STMicroelectronics.X-CUBE-AI.8.1.0.MaximumNumberOfInputLayer=1
STMicroelectronics.X-CUBE-AI.8.1.0.MaximumNumberOfOutputLayer=1
STMicroelectronics.X-CUBE-AI.8.1.0.MaximumSizeOfInputLayer=1
STMicroelectronics.X-CUBE-AI.8.1.0.MaximumSizeOfOutputLayer=1
STMicroelectronics.X-CUBE-AI.8.1.0.ModelActualCompression-8a10ab7ecfc73206aa63bb359f7e9551fc2d3dab2b6074822fc7075e0a561b39=0.0
STMicroelectronics.X-CUBE-AI.8.1.0.ModelCompression-8a10ab7ecfc73206aa63bb359f7e9551fc2d3dab2b6074822fc7075e0a561b39=None
STMicroelectronics.X-CUBE-AI.8.1.0.ModelFlashOccupation-8a10ab7ecfc73206aa63bb359f7e9551fc2d3dab2b6074822fc7075e0a561b39=62028
STMicroelectronics.X-CUBE-AI.8.1.0.ModelHashList=8a10ab7ecfc73206aa63bb359f7e9551fc2d3dab2b6074822fc7075e0a561b39
STMicroelectronics.X-CUBE-AI.8.1.0.ModelKind-8a10ab7ecfc73206aa63bb359f7e9551fc2d3dab2b6074822fc7075e0a561b39=TFLITE
STMicroelectronics.X-CUBE-AI.8.1.0.ModelMacc-8a10ab7ecfc73206aa63bb359f7e9551fc2d3dab2b6074822fc7075e0a561b39=116080
STMicroelectronics.X-CUBE-AI.8.1.0.ModelName-8a10ab7ecfc73206aa63bb359f7e9551fc2d3dab2b6074822fc7075e0a561b39=network
STMicroelectronics.X-CUBE-AI.8.1.0.ModelNameList=network
STMicroelectronics.X-CUBE-AI.8.1.0.ModelRamOccupation-8a10ab7ecfc73206aa63bb359f7e9551fc2d3dab2b6074822fc7075e0a561b39=7608
STMicroelectronics.X-CUBE-AI.8.1.0.ModelStructureFile-8a10ab7ecfc73206aa63bb359f7e9551fc2d3dab2b6074822fc7075e0a561b39=C\:\\Users\\jj213\\Documents\\trained_lstm.tflite
STMicroelectronics.X-CUBE-AI.8.1.0.ModelType-8a10ab7ecfc73206aa63bb359f7e9551fc2d3dab2b6074822fc7075e0a561b39=STM32Cube.AI runtime
STMicroelectronics.X-CUBE-AI.8.1.0.ReadyForCodeGeneration=true
STMicroelectronics.X-CUBE-AI.8.1.0.StackSize=0x800
STMicroelectronics.X-CUBE-AI.8.1.0.WorkingBufferStartAddrList=0xFFFFFFFF
STMicroelectronics.X-CUBE-AI.8.1.0.XAaCUBEAaAICcArtificialOoIntelligenceJjCore=true
STMicroelectronics.X-CUBE-AI.8.1.0.copyWeightToRam-8a10ab7ecfc73206aa63bb359f7e9551fc2d3dab2b6074822fc7075e0a561b39=false
STMicroelectronics.X-CUBE-AI.8.1.0.customLayerConfigEnabled-8a10ab7ecfc73206aa63bb359f7e9551fc2d3dab2b6074822fc7075e0a561b39=false
STMicroelectronics.X-CUBE-AI.8.1.0.noOnnxIoTranspose-8a10ab7ecfc73206aa63bb359f7e9551fc2d3dab2b6074822fc7075e0a561b39=false
STMicroelectronics.X-CUBE-AI.8.1.0.useInputAllocation-8a10ab7ecfc73206aa63bb359f7e9551fc2d3dab2b6074822fc7075e0a561b39=true
STMicroelectronics.X-CUBE-AI.8.1.0.useOutputAllocation-8a10ab7ecfc73206aa63bb359f7e9551fc2d3dab2b6074822fc7075e0a561b39=true
STMicroelectronics.X-CUBE-AI.8.1.0_SwParameter=XAaCUBEAaAICcArtificialOoIntelligenceJjCore\:true;
USART3.IPParameters=VirtualMode-Asynchronous
USART3.VirtualMode-Asynchronous=VM_ASYNC
VP_CRC_VS_CRC.Mode=CRC_Activate
VP_CRC_VS_CRC.Signal=CRC_VS_CRC
VP_STMicroelectronics.X-CUBE-AI_VS_ArtificialOoIntelligenceJjXAaCUBEAaAI_8.1.0.Mode=ArtificialOoIntelligenceJjXAaCUBEAaAI
VP_STMicroelectronics.X-CUBE-AI_VS_ArtificialOoIntelligenceJjXAaCUBEAaAI_8.1.0.Signal=STMicroelectronics.X-CUBE-AI_VS_ArtificialOoIntelligenceJjXAaCUBEAaAI_8.1.0
board=custom
isbadioc=false
